
Microsoft Visual Studio Solution File, Format Version 12.00
# Visual Studio 2015
Project("{FAE04EC0-301F-11D3-BF4B-00C04F79EFBC}") = "GP-Prototype", "GP-Prototype.csproj", "{D4D842CF-829F-1A56-97BE-687055A0E4A6}"
EndProject
Project("{FAE04EC0-301F-11D3-BF4B-00C04F79EFBC}") = "GP-Prototype.Plugins", "GP-Prototype.Plugins.csproj", "{B01EA872-ED6E-342D-62C7-72858CAF333C}"
EndProject
Global
	GlobalSection(SolutionConfigurationPlatforms) = preSolution
		Debug|Any CPU = Debug|Any CPU
		Release|Any CPU = Release|Any CPU
	EndGlobalSection
	GlobalSection(ProjectConfigurationPlatforms) = postSolution
		{D4D842CF-829F-1A56-97BE-687055A0E4A6}.Debug|Any CPU.ActiveCfg = Debug|Any CPU
		{D4D842CF-829F-1A56-97BE-687055A0E4A6}.Debug|Any CPU.Build.0 = Debug|Any CPU
		{D4D842CF-829F-1A56-97BE-687055A0E4A6}.Release|Any CPU.ActiveCfg = Release|Any CPU
		{D4D842CF-829F-1A56-97BE-687055A0E4A6}.Release|Any CPU.Build.0 = Release|Any CPU
		{B01EA872-ED6E-342D-62C7-72858CAF333C}.Debug|Any CPU.ActiveCfg = Debug|Any CPU
		{B01EA872-ED6E-342D-62C7-72858CAF333C}.Debug|Any CPU.Build.0 = Debug|Any CPU
		{B01EA872-ED6E-342D-62C7-72858CAF333C}.Release|Any CPU.ActiveCfg = Release|Any CPU
		{B01EA872-ED6E-342D-62C7-72858CAF333C}.Release|Any CPU.Build.0 = Release|Any CPU
	EndGlobalSection
	GlobalSection(SolutionProperties) = preSolution
		HideSolutionNode = FALSE
	EndGlobalSection
EndGlobal
